[[package]]
name = "aiohttp"
version = "3.5.4"
description = "Async http client/server framework (asyncio)"
category = "main"
optional = false
python-versions = ">=3.5.3"

[package.dependencies]
async-timeout = ">=3.0,<4.0"
attrs = ">=17.3.0"
chardet = ">=2.0,<4.0"
multidict = ">=4.0,<5.0"
yarl = ">=1.0,<2.0"

[package.extras]
speedups = ["aiodns", "brotlipy", "cchardet"]

[[package]]
name = "async-timeout"
version = "3.0.1"
description = "Timeout context manager for asyncio programs"
category = "main"
optional = false
python-versions = ">=3.5.3"

[[package]]
name = "attrs"
version = "22.1.0"
description = "Classes Without Boilerplate"
category = "main"
optional = false
python-versions = ">=3.5"

[package.extras]
dev = ["coverage[toml] (>=5.0.2)", "hypothesis", "pympler", "pytest (>=4.3.0)", "mypy (>=0.900,!=0.940)", "pytest-mypy-plugins", "zope.interface", "furo", "sphinx", "sphinx-notfound-page", "pre-commit", "cloudpickle"]
docs = ["furo", "sphinx", "zope.interface", "sphinx-notfound-page"]
tests = ["coverage[toml] (>=5.0.2)", "hypothesis", "pympler", "pytest (>=4.3.0)", "mypy (>=0.900,!=0.940)", "pytest-mypy-plugins", "zope.interface", "cloudpickle"]
tests_no_zope = ["coverage[toml] (>=5.0.2)", "hypothesis", "pympler", "pytest (>=4.3.0)", "mypy (>=0.900,!=0.940)", "pytest-mypy-plugins", "cloudpickle"]

[[package]]
name = "cffi"
version = "1.15.1"
description = "Foreign Function Interface for Python calling C code."
category = "main"
optional = false
python-versions = "*"

[package.dependencies]
pycparser = "*"

[[package]]
name = "chardet"
version = "3.0.4"
description = "Universal encoding detector for Python 2 and 3"
category = "main"
optional = false
python-versions = "*"

[[package]]
name = "click"
version = "7.1.2"
description = "Composable command line interface toolkit"
category = "main"
optional = false
python-versions = ">=2.7, !=3.0.*, !=3.1.*, !=3.2.*, !=3.3.*, !=3.4.*"

[[package]]
name = "debugpy"
version = "1.6.3"
description = "An implementation of the Debug Adapter Protocol for Python"
category = "dev"
optional = false
python-versions = ">=3.7"

[[package]]
name = "discord"
version = "1.0.1"
description = "A mirror package for discord.py. Please install that instead."
category = "main"
optional = false
python-versions = "*"

[package.dependencies]
"discord.py" = ">=1.0.1"

[[package]]
name = "discord.py"
version = "1.2.5"
description = "A python wrapper for the Discord API"
category = "main"
optional = false
python-versions = ">=3.5.3"

[package.dependencies]
aiohttp = ">=3.3.0,<3.6.0"
websockets = ">=6.0,<7.0"

[package.extras]
docs = ["sphinx (==1.7.4)", "sphinxcontrib-asyncio", "sphinxcontrib-websupport"]
voice = ["PyNaCl (==1.3.0)"]

[[package]]
name = "docstring-to-markdown"
version = "0.10"
description = "On the fly conversion of Python docstrings to markdown"
category = "dev"
optional = false
python-versions = ">=3.6"

[[package]]
name = "flask"
version = "1.1.4"
description = "A simple framework for building complex web applications."
category = "main"
optional = false
python-versions = ">=2.7, !=3.0.*, !=3.1.*, !=3.2.*, !=3.3.*, !=3.4.*"

[package.dependencies]
click = ">=5.1,<8.0"
itsdangerous = ">=0.24,<2.0"
Jinja2 = ">=2.10.1,<3.0"
Werkzeug = ">=0.15,<2.0"

[package.extras]
dev = ["pytest", "coverage", "tox", "sphinx", "pallets-sphinx-themes", "sphinxcontrib-log-cabinet", "sphinx-issues"]
docs = ["sphinx", "pallets-sphinx-themes", "sphinxcontrib-log-cabinet", "sphinx-issues"]
dotenv = ["python-dotenv"]

[[package]]
name = "idna"
version = "3.3"
description = "Internationalized Domain Names in Applications (IDNA)"
category = "main"
optional = false
python-versions = ">=3.5"

[[package]]
name = "itsdangerous"
version = "1.1.0"
description = "Various helpers to pass data to untrusted environments and back."
category = "main"
optional = false
python-versions = ">=2.7, !=3.0.*, !=3.1.*, !=3.2.*, !=3.3.*"

[[package]]
name = "jedi"
version = "0.18.1"
description = "An autocompletion tool for Python that can be used for text editors."
category = "dev"
optional = false
python-versions = ">=3.6"

[package.dependencies]
parso = ">=0.8.0,<0.9.0"

[package.extras]
qa = ["flake8 (==3.8.3)", "mypy (==0.782)"]
testing = ["Django (<3.1)", "colorama", "docopt", "pytest (<7.0.0)"]

[[package]]
name = "jinja2"
version = "2.11.3"
description = "A very fast and expressive template engine."
category = "main"
optional = false
python-versions = ">=2.7, !=3.0.*, !=3.1.*, !=3.2.*, !=3.3.*, !=3.4.*"

[package.dependencies]
MarkupSafe = ">=0.23"

[package.extras]
i18n = ["Babel (>=0.8)"]

[[package]]
name = "markupsafe"
version = "2.1.1"
description = "Safely add untrusted strings to HTML/XML markup."
category = "main"
optional = false
python-versions = ">=3.7"

[[package]]
name = "multidict"
version = "4.7.6"
description = "multidict implementation"
category = "main"
optional = false
python-versions = ">=3.5"

[[package]]
name = "packaging"
version = "21.3"
description = "Core utilities for Python packages"
category = "dev"
optional = false
python-versions = ">=3.6"

[package.dependencies]
pyparsing = ">=2.0.2,<3.0.5 || >3.0.5"

[[package]]
name = "parso"
version = "0.8.3"
description = "A Python Parser"
category = "dev"
optional = false
python-versions = ">=3.6"

[package.extras]
qa = ["flake8 (==3.8.3)", "mypy (==0.782)"]
testing = ["docopt", "pytest (<6.0.0)"]

[[package]]
name = "pluggy"
version = "1.0.0"
description = "plugin and hook calling mechanisms for python"
category = "dev"
optional = false
python-versions = ">=3.6"

[package.extras]
testing = ["pytest-benchmark", "pytest"]
dev = ["tox", "pre-commit"]

[[package]]
name = "pycparser"
version = "2.21"
description = "C parser in Python"
category = "main"
optional = false
python-versions = ">=2.7, !=3.0.*, !=3.1.*, !=3.2.*, !=3.3.*"

[[package]]
name = "pyflakes"
version = "2.5.0"
description = "passive checker of Python programs"
category = "dev"
optional = false
python-versions = ">=3.6"

[[package]]
name = "pynacl"
version = "1.5.0"
description = "Python binding to the Networking and Cryptography (NaCl) library"
category = "main"
optional = false
python-versions = ">=3.6"

[package.dependencies]
cffi = ">=1.4.1"

[package.extras]
docs = ["sphinx (>=1.6.5)", "sphinx-rtd-theme"]
tests = ["pytest (>=3.2.1,!=3.3.0)", "hypothesis (>=3.27.0)"]

[[package]]
name = "pyparsing"
version = "3.0.9"
description = "pyparsing module - Classes and methods to define and execute parsing grammars"
category = "dev"
optional = false
python-versions = ">=3.6.8"

[package.extras]
diagrams = ["railroad-diagrams", "jinja2"]

[[package]]
name = "python-lsp-jsonrpc"
version = "1.0.0"
description = "JSON RPC 2.0 server library"
category = "dev"
optional = false
python-versions = "*"

[package.dependencies]
ujson = ">=3.0.0"

[package.extras]
test = ["coverage", "pytest-cov", "pytest", "pyflakes", "pycodestyle", "pylint"]

[[package]]
name = "python-lsp-server"
version = "1.6.0"
description = "Python Language Server for the Language Server Protocol"
category = "dev"
optional = false
python-versions = ">=3.7"

[package.dependencies]
docstring-to-markdown = "*"
jedi = ">=0.17.2,<0.19.0"
pluggy = ">=1.0.0"
pyflakes = {version = ">=2.5.0,<2.6.0", optional = true, markers = "extra == \"pyflakes\""}
python-lsp-jsonrpc = ">=1.0.0"
rope = {version = ">0.10.5", optional = true, markers = "extra == \"rope\""}
ujson = ">=3.0.0"
whatthepatch = {version = ">=1.0.2,<2.0.0", optional = true, markers = "extra == \"yapf\""}
yapf = {version = "*", optional = true, markers = "extra == \"yapf\""}

[package.extras]
all = ["autopep8 (>=1.6.0,<1.7.0)", "flake8 (>=5.0.0,<5.1.0)", "mccabe (>=0.7.0,<0.8.0)", "pycodestyle (>=2.9.0,<2.10.0)", "pydocstyle (>=2.0.0)", "pyflakes (>=2.5.0,<2.6.0)", "pylint (>=2.5.0)", "rope (>=0.10.5)", "yapf", "whatthepatch"]
autopep8 = ["autopep8 (>=1.6.0,<1.7.0)"]
flake8 = ["flake8 (>=5.0.0,<5.1.0)"]
mccabe = ["mccabe (>=0.7.0,<0.8.0)"]
pycodestyle = ["pycodestyle (>=2.9.0,<2.10.0)"]
pydocstyle = ["pydocstyle (>=2.0.0)"]
pyflakes = ["pyflakes (>=2.5.0,<2.6.0)"]
pylint = ["pylint (>=2.5.0)"]
rope = ["rope (>0.10.5)"]
test = ["pylint (>=2.5.0)", "pytest", "pytest-cov", "coverage", "numpy", "pandas", "matplotlib", "pyqt5", "flaky"]
websockets = ["websockets (>=10.3)"]
yapf = ["yapf", "whatthepatch (>=1.0.2,<2.0.0)"]

[[package]]
name = "pytoolconfig"
version = "1.2.2"
description = "Python tool configuration"
category = "dev"
optional = false
python-versions = ">=3.7"

[package.dependencies]
packaging = ">=21.3"
tomli = {version = ">=2.0", markers = "python_version < \"3.11\""}

[package.extras]
validation = ["pydantic (>=1.7.4)"]
global = ["appdirs (>=1.4.4)"]
gen_docs = ["pytoolconfig", "sphinx-rtd-theme (>=1.0.0)", "sphinx-autodoc-typehints (>=1.18.1)", "sphinx (>=4.5.0)"]
doc = ["sphinx (>=4.5.0)", "tabulate (>=0.8.9)"]

[[package]]
name = "rope"
version = "1.3.0"
description = "a python refactoring library..."
category = "dev"
optional = false
python-versions = ">=3.7"

[package.dependencies]
pytoolconfig = ">=1.1.2"

[package.extras]
doc = ["sphinx-rtd-theme (>=1.0.0)", "sphinx-autodoc-typehints (>=1.18.1)", "sphinx (>=4.5.0)", "pytoolconfig"]
dev = ["build (>=0.7.0)", "pytest-timeout (>=2.1.0)", "pytest (>=7.0.1)"]

[[package]]
name = "tomli"
version = "2.0.1"
description = "A lil' TOML parser"
category = "dev"
optional = false
python-versions = ">=3.7"

[[package]]
name = "ujson"
version = "5.4.0"
description = "Ultra fast JSON encoder and decoder for Python"
category = "dev"
optional = false
python-versions = ">=3.7"

[[package]]
name = "websockets"
version = "6.0"
description = "An implementation of the WebSocket Protocol (RFC 6455 & 7692)"
category = "main"
optional = false
python-versions = ">=3.4"

[[package]]
name = "werkzeug"
version = "1.0.1"
description = "The comprehensive WSGI web application library."
category = "main"
optional = false
python-versions = ">=2.7, !=3.0.*, !=3.1.*, !=3.2.*, !=3.3.*, !=3.4.*"

[package.extras]
watchdog = ["watchdog"]
dev = ["sphinx-issues", "pallets-sphinx-themes", "sphinx", "tox", "coverage", "pytest-timeout", "pytest"]

[[package]]
name = "whatthepatch"
version = "1.0.2"
description = "A patch parsing and application library."
category = "dev"
optional = false
python-versions = "*"

[[package]]
name = "yapf"
version = "0.32.0"
description = "A formatter for Python code."
category = "dev"
optional = false
python-versions = "*"

[[package]]
name = "yarl"
version = "1.8.1"
description = "Yet another URL library"
category = "main"
optional = false
python-versions = ">=3.7"

[package.dependencies]
idna = ">=2.0"
multidict = ">=4.0"

[[package]]
name = "youtube-dl"
version = "2021.12.17"
description = "YouTube video downloader"
category = "main"
optional = false
python-versions = "*"

[metadata]
lock-version = "1.1"
python-versions = "^3.8"
content-hash = "be95454fd7966760caee1195cb130f158766ca733ae47b90ed19543256b2b8cf"

[metadata.files]
aiohttp = []
async-timeout = []
attrs = []
cffi = []
chardet = []
click = []
debugpy = []
discord = []
"discord.py" = []
docstring-to-markdown = []
flask = []
idna = []
itsdangerous = []
jedi = []
jinja2 = []
markupsafe = []
multidict = []
packaging = []
parso = []
pluggy = []
pycparser = []
pyflakes = []
pynacl = []
pyparsing = []
python-lsp-jsonrpc = []
python-lsp-server = []
pytoolconfig = []
rope = []
tomli = []
ujson = []
websockets = []
werkzeug = []
whatthepatch = []
yapf = []
yarl = []
youtube-dl = []
